// !$*UTF8*$!
{
	archiveVersion = 1;
	classes = {
	};
	objectVersion = 46;
	objects = {

/* Begin PBXBuildFile section */
		86A8FD7C3895818B94725B29 /* Pods_TextRecognitionTests.framework in Frameworks */ = {isa = PBXBuildFile; fileRef = 393B2220E3F173AB8218FE20 /* Pods_TextRecognitionTests.framework */; };
		A04F26C745ED96D0416BE187 /* Pods_TextRecognitionUITests.framework in Frameworks */ = {isa = PBXBuildFile; fileRef = B6DC26DF9FF88A41EE74D7F3 /* Pods_TextRecognitionUITests.framework */; };
		A8C26083242AD4F0CE02BBE0 /* Pods_TextRecognition.framework in Frameworks */ = {isa = PBXBuildFile; fileRef = 1EF3DDE172003759A0BE1584 /* Pods_TextRecognition.framework */; };
		F6F984D71ED0AFA300493628 /* AppDelegate.swift in Sources */ = {isa = PBXBuildFile; fileRef = F6F984D61ED0AFA300493628 /* AppDelegate.swift */; };
		F6F984D91ED0AFA300493628 /* ViewController.swift in Sources */ = {isa = PBXBuildFile; fileRef = F6F984D81ED0AFA300493628 /* ViewController.swift */; };
		F6F984DC1ED0AFA300493628 /* Main.storyboard in Resources */ = {isa = PBXBuildFile; fileRef = F6F984DA1ED0AFA300493628 /* Main.storyboard */; };
		F6F984DE1ED0AFA300493628 /* Assets.xcassets in Resources */ = {isa = PBXBuildFile; fileRef = F6F984DD1ED0AFA300493628 /* Assets.xcassets */; };
		F6F984E11ED0AFA300493628 /* LaunchScreen.storyboard in Resources */ = {isa = PBXBuildFile; fileRef = F6F984DF1ED0AFA300493628 /* LaunchScreen.storyboard */; };
		F6F984EC1ED0AFA400493628 /* TextRecognitionTests.swift in Sources */ = {isa = PBXBuildFile; fileRef = F6F984EB1ED0AFA400493628 /* TextRecognitionTests.swift */; };
		F6F984F71ED0AFA400493628 /* TextRecognitionUITests.swift in Sources */ = {isa = PBXBuildFile; fileRef = F6F984F61ED0AFA400493628 /* TextRecognitionUITests.swift */; };
		F6F985051ED0C56700493628 /* tessdata in Resources */ = {isa = PBXBuildFile; fileRef = F6F985041ED0C56700493628 /* tessdata */; };
/* End PBXBuildFile section */

/* Begin PBXContainerItemProxy section */
		F6F984E81ED0AFA400493628 /* PBXContainerItemProxy */ = {
			isa = PBXContainerItemProxy;
			containerPortal = F6F984CB1ED0AFA300493628 /* Project object */;
			proxyType = 1;
			remoteGlobalIDString = F6F984D21ED0AFA300493628;
			remoteInfo = TextRecognition;
		};
		F6F984F31ED0AFA400493628 /* PBXContainerItemProxy */ = {
			isa = PBXContainerItemProxy;
			containerPortal = F6F984CB1ED0AFA300493628 /* Project object */;
			proxyType = 1;
			remoteGlobalIDString = F6F984D21ED0AFA300493628;
			remoteInfo = TextRecognition;
		};
/* End PBXContainerItemProxy section */

/* Begin PBXFileReference section */
		1EF3DDE172003759A0BE1584 /* Pods_TextRecognition.framework */ = {isa = PBXFileReference; explicitFileType = wrapper.framework; includeInIndex = 0; path = Pods_TextRecognition.framework; sourceTree = BUILT_PRODUCTS_DIR; };
		393B2220E3F173AB8218FE20 /* Pods_TextRecognitionTests.framework */ = {isa = PBXFileReference; explicitFileType = wrapper.framework; includeInIndex = 0; path = Pods_TextRecognitionTests.framework; sourceTree = BUILT_PRODUCTS_DIR; };
		60B5C7797792913F3C308333 /* Pods-TextRecognitionTests.debug.xcconfig */ = {isa = PBXFileReference; includeInIndex = 1; lastKnownFileType = text.xcconfig; name = "Pods-TextRecognitionTests.debug.xcconfig"; path = "Pods/Target Support Files/Pods-TextRecognitionTests/Pods-TextRecognitionTests.debug.xcconfig"; sourceTree = "<group>"; };
		64C41A8AB4696ADB58BD5009 /* Pods-TextRecognitionUITests.release.xcconfig */ = {isa = PBXFileReference; includeInIndex = 1; lastKnownFileType = text.xcconfig; name = "Pods-TextRecognitionUITests.release.xcconfig"; path = "Pods/Target Support Files/Pods-TextRecognitionUITests/Pods-TextRecognitionUITests.release.xcconfig"; sourceTree = "<group>"; };
		B6DC26DF9FF88A41EE74D7F3 /* Pods_TextRecognitionUITests.framework */ = {isa = PBXFileReference; explicitFileType = wrapper.framework; includeInIndex = 0; path = Pods_TextRecognitionUITests.framework; sourceTree = BUILT_PRODUCTS_DIR; };
		DB0F19987900BE0AD6CDD37A /* Pods-TextRecognitionUITests.debug.xcconfig */ = {isa = PBXFileReference; includeInIndex = 1; lastKnownFileType = text.xcconfig; name = "Pods-TextRecognitionUITests.debug.xcconfig"; path = "Pods/Target Support Files/Pods-TextRecognitionUITests/Pods-TextRecognitionUITests.debug.xcconfig"; sourceTree = "<group>"; };
		E3B0BE73C693930E0837533E /* Pods-TextRecognition.release.xcconfig */ = {isa = PBXFileReference; includeInIndex = 1; lastKnownFileType = text.xcconfig; name = "Pods-TextRecognition.release.xcconfig"; path = "Pods/Target Support Files/Pods-TextRecognition/Pods-TextRecognition.release.xcconfig"; sourceTree = "<group>"; };
		F5DE3326BD2878B5D6C711B5 /* Pods-TextRecognitionTests.release.xcconfig */ = {isa = PBXFileReference; includeInIndex = 1; lastKnownFileType = text.xcconfig; name = "Pods-TextRecognitionTests.release.xcconfig"; path = "Pods/Target Support Files/Pods-TextRecognitionTests/Pods-TextRecognitionTests.release.xcconfig"; sourceTree = "<group>"; };
		F6F984D31ED0AFA300493628 /* TextRecognition.app */ = {isa = PBXFileReference; explicitFileType = wrapper.application; includeInIndex = 0; path = TextRecognition.app; sourceTree = BUILT_PRODUCTS_DIR; };
		F6F984D61ED0AFA300493628 /* AppDelegate.swift */ = {isa = PBXFileReference; lastKnownFileType = sourcecode.swift; path = AppDelegate.swift; sourceTree = "<group>"; };
		F6F984D81ED0AFA300493628 /* ViewController.swift */ = {isa = PBXFileReference; lastKnownFileType = sourcecode.swift; path = ViewController.swift; sourceTree = "<group>"; };
		F6F984DB1ED0AFA300493628 /* Base */ = {isa = PBXFileReference; lastKnownFileType = file.storyboard; name = Base; path = Base.lproj/Main.storyboard; sourceTree = "<group>"; };
		F6F984DD1ED0AFA300493628 /* Assets.xcassets */ = {isa = PBXFileReference; lastKnownFileType = folder.assetcatalog; path = Assets.xcassets; sourceTree = "<group>"; };
		F6F984E01ED0AFA300493628 /* Base */ = {isa = PBXFileReference; lastKnownFileType = file.storyboard; name = Base; path = Base.lproj/LaunchScreen.storyboard; sourceTree = "<group>"; };
		F6F984E21ED0AFA300493628 /* Info.plist */ = {isa = PBXFileReference; lastKnownFileType = text.plist.xml; path = Info.plist; sourceTree = "<group>"; };
		F6F984E71ED0AFA400493628 /* TextRecognitionTests.xctest */ = {isa = PBXFileReference; explicitFileType = wrapper.cfbundle; includeInIndex = 0; path = TextRecognitionTests.xctest; sourceTree = BUILT_PRODUCTS_DIR; };
		F6F984EB1ED0AFA400493628 /* TextRecognitionTests.swift */ = {isa = PBXFileReference; lastKnownFileType = sourcecode.swift; path = TextRecognitionTests.swift; sourceTree = "<group>"; };
		F6F984ED1ED0AFA400493628 /* Info.plist */ = {isa = PBXFileReference; lastKnownFileType = text.plist.xml; path = Info.plist; sourceTree = "<group>"; };
		F6F984F21ED0AFA400493628 /* TextRecognitionUITests.xctest */ = {isa = PBXFileReference; explicitFileType = wrapper.cfbundle; includeInIndex = 0; path = TextRecognitionUITests.xctest; sourceTree = BUILT_PRODUCTS_DIR; };
		F6F984F61ED0AFA400493628 /* TextRecognitionUITests.swift */ = {isa = PBXFileReference; lastKnownFileType = sourcecode.swift; path = TextRecognitionUITests.swift; sourceTree = "<group>"; };
		F6F984F81ED0AFA400493628 /* Info.plist */ = {isa = PBXFileReference; lastKnownFileType = text.plist.xml; path = Info.plist; sourceTree = "<group>"; };
		F6F985041ED0C56700493628 /* tessdata */ = {isa = PBXFileReference; lastKnownFileType = folder; path = tessdata; sourceTree = "<group>"; };
		FE343D88BA73A5E13D72FC34 /* Pods-TextRecognition.debug.xcconfig */ = {isa = PBXFileReference; includeInIndex = 1; lastKnownFileType = text.xcconfig; name = "Pods-TextRecognition.debug.xcconfig"; path = "Pods/Target Support Files/Pods-TextRecognition/Pods-TextRecognition.debug.xcconfig"; sourceTree = "<group>"; };
/* End PBXFileReference section */

/* Begin PBXFrameworksBuildPhase section */
		F6F984D01ED0AFA300493628 /* Frameworks */ = {
			isa = PBXFrameworksBuildPhase;
			buildActionMask = 2147483647;
			files = (
				A8C26083242AD4F0CE02BBE0 /* Pods_TextRecognition.framework in Frameworks */,
			);
			runOnlyForDeploymentPostprocessing = 0;
		};
		F6F984E41ED0AFA400493628 /* Frameworks */ = {
			isa = PBXFrameworksBuildPhase;
			buildActionMask = 2147483647;
			files = (
				86A8FD7C3895818B94725B29 /* Pods_TextRecognitionTests.framework in Frameworks */,
			);
			runOnlyForDeploymentPostprocessing = 0;
		};
		F6F984EF1ED0AFA400493628 /* Frameworks */ = {
			isa = PBXFrameworksBuildPhase;
			buildActionMask = 2147483647;
			files = (
				A04F26C745ED96D0416BE187 /* Pods_TextRecognitionUITests.framework in Frameworks */,
			);
			runOnlyForDeploymentPostprocessing = 0;
		};
/* End PBXFrameworksBuildPhase section */

/* Begin PBXGroup section */
		301F37F9ED3B18849EB5424F /* Frameworks */ = {
			isa = PBXGroup;
			children = (
				1EF3DDE172003759A0BE1584 /* Pods_TextRecognition.framework */,
				393B2220E3F173AB8218FE20 /* Pods_TextRecognitionTests.framework */,
				B6DC26DF9FF88A41EE74D7F3 /* Pods_TextRecognitionUITests.framework */,
			);
			name = Frameworks;
			sourceTree = "<group>";
		};
		504C3A9C07CD9CAC2087106D /* Pods */ = {
			isa = PBXGroup;
			children = (
				FE343D88BA73A5E13D72FC34 /* Pods-TextRecognition.debug.xcconfig */,
				E3B0BE73C693930E0837533E /* Pods-TextRecognition.release.xcconfig */,
				60B5C7797792913F3C308333 /* Pods-TextRecognitionTests.debug.xcconfig */,
				F5DE3326BD2878B5D6C711B5 /* Pods-TextRecognitionTests.release.xcconfig */,
				DB0F19987900BE0AD6CDD37A /* Pods-TextRecognitionUITests.debug.xcconfig */,
				64C41A8AB4696ADB58BD5009 /* Pods-TextRecognitionUITests.release.xcconfig */,
			);
			name = Pods;
			sourceTree = "<group>";
		};
		F6F984CA1ED0AFA300493628 = {
			isa = PBXGroup;
			children = (
				F6F984D51ED0AFA300493628 /* TextRecognition */,
				F6F984EA1ED0AFA400493628 /* TextRecognitionTests */,
				F6F984F51ED0AFA400493628 /* TextRecognitionUITests */,
				F6F984D41ED0AFA300493628 /* Products */,
				504C3A9C07CD9CAC2087106D /* Pods */,
				301F37F9ED3B18849EB5424F /* Frameworks */,
			);
			sourceTree = "<group>";
		};
		F6F984D41ED0AFA300493628 /* Products */ = {
			isa = PBXGroup;
			children = (
				F6F984D31ED0AFA300493628 /* TextRecognition.app */,
				F6F984E71ED0AFA400493628 /* TextRecognitionTests.xctest */,
				F6F984F21ED0AFA400493628 /* TextRecognitionUITests.xctest */,
			);
			name = Products;
			sourceTree = "<group>";
		};
		F6F984D51ED0AFA300493628 /* TextRecognition */ = {
			isa = PBXGroup;
			children = (
				F6F984D61ED0AFA300493628 /* AppDelegate.swift */,
				F6F984D81ED0AFA300493628 /* ViewController.swift */,
				F6F984DA1ED0AFA300493628 /* Main.storyboard */,
				F6F985041ED0C56700493628 /* tessdata */,
				F6F984DD1ED0AFA300493628 /* Assets.xcassets */,
				F6F984DF1ED0AFA300493628 /* LaunchScreen.storyboard */,
				F6F984E21ED0AFA300493628 /* Info.plist */,
			);
			path = TextRecognition;
			sourceTree = "<group>";
		};
		F6F984EA1ED0AFA400493628 /* TextRecognitionTests */ = {
			isa = PBXGroup;
			children = (
				F6F984EB1ED0AFA400493628 /* TextRecognitionTests.swift */,
				F6F984ED1ED0AFA400493628 /* Info.plist */,
			);
			path = TextRecognitionTests;
			sourceTree = "<group>";
		};
		F6F984F51ED0AFA400493628 /* TextRecognitionUITests */ = {
			isa = PBXGroup;
			children = (
				F6F984F61ED0AFA400493628 /* TextRecognitionUITests.swift */,
				F6F984F81ED0AFA400493628 /* Info.plist */,
			);
			path = TextRecognitionUITests;
			sourceTree = "<group>";
		};
/* End PBXGroup section */

/* Begin PBXNativeTarget section */
		F6F984D21ED0AFA300493628 /* TextRecognition */ = {
			isa = PBXNativeTarget;
			buildConfigurationList = F6F984FB1ED0AFA400493628 /* Build configuration list for PBXNativeTarget "TextRecognition" */;
			buildPhases = (
				51D52A5637D6FFCBA3D6F35F /* [CP] Check Pods Manifest.lock */,
				F6F984CF1ED0AFA300493628 /* Sources */,
				F6F984D01ED0AFA300493628 /* Frameworks */,
				F6F984D11ED0AFA300493628 /* Resources */,
				C6AB6AFA14FFEE619D10CB20 /* [CP] Embed Pods Frameworks */,
				1F5EEA9CCB73D511BD1A945F /* [CP] Copy Pods Resources */,
			);
			buildRules = (
			);
			dependencies = (
			);
			name = TextRecognition;
			productName = TextRecognition;
			productReference = F6F984D31ED0AFA300493628 /* TextRecognition.app */;
			productType = "com.apple.product-type.application";
		};
		F6F984E61ED0AFA400493628 /* TextRecognitionTests */ = {
			isa = PBXNativeTarget;
			buildConfigurationList = F6F984FE1ED0AFA400493628 /* Build configuration list for PBXNativeTarget "TextRecognitionTests" */;
			buildPhases = (
				6E5ADE8B75034FD1FC5F4DAD /* [CP] Check Pods Manifest.lock */,
				F6F984E31ED0AFA400493628 /* Sources */,
				F6F984E41ED0AFA400493628 /* Frameworks */,
				F6F984E51ED0AFA400493628 /* Resources */,
				09A379756A720EC55D421A2D /* [CP] Embed Pods Frameworks */,
				20F3F8C94E8CB96DABCA1607 /* [CP] Copy Pods Resources */,
			);
			buildRules = (
			);
			dependencies = (
				F6F984E91ED0AFA400493628 /* PBXTargetDependency */,
			);
			name = TextRecognitionTests;
			productName = TextRecognitionTests;
			productReference = F6F984E71ED0AFA400493628 /* TextRecognitionTests.xctest */;
			productType = "com.apple.product-type.bundle.unit-test";
		};
		F6F984F11ED0AFA400493628 /* TextRecognitionUITests */ = {
			isa = PBXNativeTarget;
			buildConfigurationList = F6F985011ED0AFA400493628 /* Build configuration list for PBXNativeTarget "TextRecognitionUITests" */;
			buildPhases = (
				9B3E29C10CE575E2F8C412F1 /* [CP] Check Pods Manifest.lock */,
				F6F984EE1ED0AFA400493628 /* Sources */,
				F6F984EF1ED0AFA400493628 /* Frameworks */,
				F6F984F01ED0AFA400493628 /* Resources */,
				8F331B831E69626A4208CF6A /* [CP] Embed Pods Frameworks */,
				22BB63109F5876D31DE8F263 /* [CP] Copy Pods Resources */,
			);
			buildRules = (
			);
			dependencies = (
				F6F984F41ED0AFA400493628 /* PBXTargetDependency */,
			);
			name = TextRecognitionUITests;
			productName = TextRecognitionUITests;
			productReference = F6F984F21ED0AFA400493628 /* TextRecognitionUITests.xctest */;
			productType = "com.apple.product-type.bundle.ui-testing";
		};
/* End PBXNativeTarget section */

/* Begin PBXProject section */
		F6F984CB1ED0AFA300493628 /* Project object */ = {
			isa = PBXProject;
			attributes = {
				LastSwiftUpdateCheck = 0830;
				LastUpgradeCheck = 0830;
				ORGANIZATIONNAME = "Luis Collado";
				TargetAttributes = {
					F6F984D21ED0AFA300493628 = {
						CreatedOnToolsVersion = 8.3.2;
						ProvisioningStyle = Automatic;
					};
					F6F984E61ED0AFA400493628 = {
						CreatedOnToolsVersion = 8.3.2;
						ProvisioningStyle = Automatic;
						TestTargetID = F6F984D21ED0AFA300493628;
					};
					F6F984F11ED0AFA400493628 = {
						CreatedOnToolsVersion = 8.3.2;
						ProvisioningStyle = Automatic;
						TestTargetID = F6F984D21ED0AFA300493628;
					};
				};
			};
			buildConfigurationList = F6F984CE1ED0AFA300493628 /* Build configuration list for PBXProject "TextRecognition" */;
			compatibilityVersion = "Xcode 3.2";
			developmentRegion = English;
			hasScannedForEncodings = 0;
			knownRegions = (
				en,
				Base,
			);
			mainGroup = F6F984CA1ED0AFA300493628;
			productRefGroup = F6F984D41ED0AFA300493628 /* Products */;
			projectDirPath = "";
			projectRoot = "";
			targets = (
				F6F984D21ED0AFA300493628 /* TextRecognition */,
				F6F984E61ED0AFA400493628 /* TextRecognitionTests */,
				F6F984F11ED0AFA400493628 /* TextRecognitionUITests */,
			);
		};
/* End PBXProject section */

/* Begin PBXResourcesBuildPhase section */
		F6F984D11ED0AFA300493628 /* Resources */ = {
			isa = PBXResourcesBuildPhase;
			buildActionMask = 2147483647;
			files = (
				F6F984E11ED0AFA300493628 /* LaunchScreen.storyboard in Resources */,
				F6F985051ED0C56700493628 /* tessdata in Resources */,
				F6F984DE1ED0AFA300493628 /* Assets.xcassets in Resources */,
				F6F984DC1ED0AFA300493628 /* Main.storyboard in Resources */,
			);
			runOnlyForDeploymentPostprocessing = 0;
		};
		F6F984E51ED0AFA400493628 /* Resources */ = {
			isa = PBXResourcesBuildPhase;
			buildActionMask = 2147483647;
			files = (
			);
			runOnlyForDeploymentPostprocessing = 0;
		};
		F6F984F01ED0AFA400493628 /* Resources */ = {
			isa = PBXResourcesBuildPhase;
			buildActionMask = 2147483647;
			files = (
			);
			runOnlyForDeploymentPostprocessing = 0;
		};
/* End PBXResourcesBuildPhase section */

/* Begin PBXShellScriptBuildPhase section */
		09A379756A720EC55D421A2D /* [CP] Embed Pods Frameworks */ = {
			isa = PBXShellScriptBuildPhase;
			buildActionMask = 2147483647;
			files = (
			);
			inputPaths = (
			);
			name = "[CP] Embed Pods Frameworks";
			outputPaths = (
			);
			runOnlyForDeploymentPostprocessing = 0;
			shellPath = /bin/sh;
			shellScript = "\"${SRCROOT}/Pods/Target Support Files/Pods-TextRecognitionTests/Pods-TextRecognitionTests-frameworks.sh\"\n";
			showEnvVarsInLog = 0;
		};
		1F5EEA9CCB73D511BD1A945F /* [CP] Copy Pods Resources */ = {
			isa = PBXShellScriptBuildPhase;
			buildActionMask = 2147483647;
			files = (
			);
			inputPaths = (
			);
			name = "[CP] Copy Pods Resources";
			outputPaths = (
			);
			runOnlyForDeploymentPostprocessing = 0;
			shellPath = /bin/sh;
			shellScript = "\"${SRCROOT}/Pods/Target Support Files/Pods-TextRecognition/Pods-TextRecognition-resources.sh\"\n";
			showEnvVarsInLog = 0;
		};
		20F3F8C94E8CB96DABCA1607 /* [CP] Copy Pods Resources */ = {
			isa = PBXShellScriptBuildPhase;
			buildActionMask = 2147483647;
			files = (
			);
			inputPaths = (
			);
			name = "[CP] Copy Pods Resources";
			outputPaths = (
			);
			runOnlyForDeploymentPostprocessing = 0;
			shellPath = /bin/sh;
			shellScript = "\"${SRCROOT}/Pods/Target Support Files/Pods-TextRecognitionTests/Pods-TextRecognitionTests-resources.sh\"\n";
			showEnvVarsInLog = 0;
		};
		22BB63109F5876D31DE8F263 /* [CP] Copy Pods Resources */ = {
			isa = PBXShellScriptBuildPhase;
			buildActionMask = 2147483647;
			files = (
			);
			inputPaths = (
			);
			name = "[CP] Copy Pods Resources";
			outputPaths = (
			);
			runOnlyForDeploymentPostprocessing = 0;
			shellPath = /bin/sh;
			shellScript = "\"${SRCROOT}/Pods/Target Support Files/Pods-TextRecognitionUITests/Pods-TextRecognitionUITests-resources.sh\"\n";
			showEnvVarsInLog = 0;
		};
		51D52A5637D6FFCBA3D6F35F /* [CP] Check Pods Manifest.lock */ = {
			isa = PBXShellScriptBuildPhase;
			buildActionMask = 2147483647;
			files = (
			);
			inputPaths = (
			);
			name = "[CP] Check Pods Manifest.lock";
			outputPaths = (
			);
			runOnlyForDeploymentPostprocessing = 0;
			shellPath = /bin/sh;
			shellScript = "diff \"${PODS_PODFILE_DIR_PATH}/Podfile.lock\" \"${PODS_ROOT}/Manifest.lock\" > /dev/null\nif [ $? != 0 ] ; then\n    # print error to STDERR\n    echo \"error: The sandbox is not in sync with the Podfile.lock. Run 'pod install' or update your CocoaPods installation.\" >&2\n    exit 1\nfi\n";
			showEnvVarsInLog = 0;
		};
		6E5ADE8B75034FD1FC5F4DAD /* [CP] Check Pods Manifest.lock */ = {
			isa = PBXShellScriptBuildPhase;
			buildActionMask = 2147483647;
			files = (
			);
			inputPaths = (
			);
			name = "[CP] Check Pods Manifest.lock";
			outputPaths = (
			);
			runOnlyForDeploymentPostprocessing = 0;
			shellPath = /bin/sh;
			shellScript = "diff \"${PODS_PODFILE_DIR_PATH}/Podfile.lock\" \"${PODS_ROOT}/Manifest.lock\" > /dev/null\nif [ $? != 0 ] ; then\n    # print error to STDERR\n    echo \"error: The sandbox is not in sync with the Podfile.lock. Run 'pod install' or update your CocoaPods installation.\" >&2\n    exit 1\nfi\n";
			showEnvVarsInLog = 0;
		};
		8F331B831E69626A4208CF6A /* [CP] Embed Pods Frameworks */ = {
			isa = PBXShellScriptBuildPhase;
			buildActionMask = 2147483647;
			files = (
			);
			inputPaths = (
			);
			name = "[CP] Embed Pods Frameworks";
			outputPaths = (
			);
			runOnlyForDeploymentPostprocessing = 0;
			shellPath = /bin/sh;
			shellScript = "\"${SRCROOT}/Pods/Target Support Files/Pods-TextRecognitionUITests/Pods-TextRecognitionUITests-frameworks.sh\"\n";
			showEnvVarsInLog = 0;
		};
		9B3E29C10CE575E2F8C412F1 /* [CP] Check Pods Manifest.lock */ = {
			isa = PBXShellScriptBuildPhase;
			buildActionMask = 2147483647;
			files = (
			);
			inputPaths = (
			);
			name = "[CP] Check Pods Manifest.lock";
			outputPaths = (
			);
			runOnlyForDeploymentPostprocessing = 0;
			shellPath = /bin/sh;
			shellScript = "diff \"${PODS_PODFILE_DIR_PATH}/Podfile.lock\" \"${PODS_ROOT}/Manifest.lock\" > /dev/null\nif [ $? != 0 ] ; then\n    # print error to STDERR\n    echo \"error: The sandbox is not in sync with the Podfile.lock. Run 'pod install' or update your CocoaPods installation.\" >&2\n    exit 1\nfi\n";
			showEnvVarsInLog = 0;
		};
		C6AB6AFA14FFEE619D10CB20 /* [CP] Embed Pods Frameworks */ = {
			isa = PBXShellScriptBuildPhase;
			buildActionMask = 2147483647;
			files = (
			);
			inputPaths = (
			);
			name = "[CP] Embed Pods Frameworks";
			outputPaths = (
			);
			runOnlyForDeploymentPostprocessing = 0;
			shellPath = /bin/sh;
			shellScript = "\"${SRCROOT}/Pods/Target Support Files/Pods-TextRecognition/Pods-TextRecognition-frameworks.sh\"\n";
			showEnvVarsInLog = 0;
		};
/* End PBXShellScriptBuildPhase section */

/* Begin PBXSourcesBuildPhase section */
		F6F984CF1ED0AFA300493628 /* Sources */ = {
			isa = PBXSourcesBuildPhase;
			buildActionMask = 2147483647;
			files = (
				F6F984D91ED0AFA300493628 /* ViewController.swift in Sources */,
				F6F984D71ED0AFA300493628 /* AppDelegate.swift in Sources */,
			);
			runOnlyForDeploymentPostprocessing = 0;
		};
		F6F984E31ED0AFA400493628 /* Sources */ = {
			isa = PBXSourcesBuildPhase;
			buildActionMask = 2147483647;
			files = (
				F6F984EC1ED0AFA400493628 /* TextRecognitionTests.swift in Sources */,
			);
			runOnlyForDeploymentPostprocessing = 0;
		};
		F6F984EE1ED0AFA400493628 /* Sources */ = {
			isa = PBXSourcesBuildPhase;
			buildActionMask = 2147483647;
			files = (
				F6F984F71ED0AFA400493628 /* TextRecognitionUITests.swift in Sources */,
			);
			runOnlyForDeploymentPostprocessing = 0;
		};
/* End PBXSourcesBuildPhase section */

/* Begin PBXTargetDependency section */
		F6F984E91ED0AFA400493628 /* PBXTargetDependency */ = {
			isa = PBXTargetDependency;
			target = F6F984D21ED0AFA300493628 /* TextRecognition */;
			targetProxy = F6F984E81ED0AFA400493628 /* PBXContainerItemProxy */;
		};
		F6F984F41ED0AFA400493628 /* PBXTargetDependency */ = {
			isa = PBXTargetDependency;
			target = F6F984D21ED0AFA300493628 /* TextRecognition */;
			targetProxy = F6F984F31ED0AFA400493628 /* PBXContainerItemProxy */;
		};
/* End PBXTargetDependency section */

/* Begin PBXVariantGroup section */
		F6F984DA1ED0AFA300493628 /* Main.storyboard */ = {
			isa = PBXVariantGroup;
			children = (
				F6F984DB1ED0AFA300493628 /* Base */,
			);
			name = Main.storyboard;
			sourceTree = "<group>";
		};
		F6F984DF1ED0AFA300493628 /* LaunchScreen.storyboard */ = {
			isa = PBXVariantGroup;
			children = (
				F6F984E01ED0AFA300493628 /* Base */,
			);
			name = LaunchScreen.storyboard;
			sourceTree = "<group>";
		};
/* End PBXVariantGroup section */

/* Begin XCBuildConfiguration section */
		F6F984F91ED0AFA400493628 /* Debug */ = {
			isa = XCBuildConfiguration;
			buildSettings = {
				ALWAYS_SEARCH_USER_PATHS = NO;
				CLANG_ANALYZER_NONNULL = YES;
				CLANG_ANALYZER_NUMBER_OBJECT_CONVERSION = YES_AGGRESSIVE;
				CLANG_CXX_LANGUAGE_STANDARD = "gnu++0x";
				CLANG_CXX_LIBRARY = "libc++";
				CLANG_ENABLE_MODULES = YES;
				CLANG_ENABLE_OBJC_ARC = YES;
				CLANG_WARN_BOOL_CONVERSION = YES;
				CLANG_WARN_CONSTANT_CONVERSION = YES;
				CLANG_WARN_DIRECT_OBJC_ISA_USAGE = YES_ERROR;
				CLANG_WARN_DOCUMENTATION_COMMENTS = YES;
				CLANG_WARN_EMPTY_BODY = YES;
				CLANG_WARN_ENUM_CONVERSION = YES;
				CLANG_WARN_INFINITE_RECURSION = YES;
				CLANG_WARN_INT_CONVERSION = YES;
				CLANG_WARN_OBJC_ROOT_CLASS = YES_ERROR;
				CLANG_WARN_SUSPICIOUS_MOVE = YES;
				CLANG_WARN_UNREACHABLE_CODE = YES;
				CLANG_WARN__DUPLICATE_METHOD_MATCH = YES;
				"CODE_SIGN_IDENTITY[sdk=iphoneos*]" = "iPhone Developer";
				COPY_PHASE_STRIP = NO;
				DEBUG_INFORMATION_FORMAT = dwarf;
				ENABLE_STRICT_OBJC_MSGSEND = YES;
				ENABLE_TESTABILITY = YES;
				GCC_C_LANGUAGE_STANDARD = gnu99;
				GCC_DYNAMIC_NO_PIC = NO;
				GCC_NO_COMMON_BLOCKS = YES;
				GCC_OPTIMIZATION_LEVEL = 0;
				GCC_PREPROCESSOR_DEFINITIONS = (
					"DEBUG=1",
					"$(inherited)",
				);
				GCC_WARN_64_TO_32_BIT_CONVERSION = YES;
				GCC_WARN_ABOUT_RETURN_TYPE = YES_ERROR;
				GCC_WARN_UNDECLARED_SELECTOR = YES;
				GCC_WARN_UNINITIALIZED_AUTOS = YES_AGGRESSIVE;
				GCC_WARN_UNUSED_FUNCTION = YES;
				GCC_WARN_UNUSED_VARIABLE = YES;
				IPHONEOS_DEPLOYMENT_TARGET = 10.3;
				MTL_ENABLE_DEBUG_INFO = YES;
				ONLY_ACTIVE_ARCH = YES;
				SDKROOT = iphoneos;
				SWIFT_ACTIVE_COMPILATION_CONDITIONS = DEBUG;
				SWIFT_OPTIMIZATION_LEVEL = "-Onone";
			};
			name = Debug;
		};
		F6F984FA1ED0AFA400493628 /* Release */ = {
			isa = XCBuildConfiguration;
			buildSettings = {
				ALWAYS_SEARCH_USER_PATHS = NO;
				CLANG_ANALYZER_NONNULL = YES;
				CLANG_ANALYZER_NUMBER_OBJECT_CONVERSION = YES_AGGRESSIVE;
				CLANG_CXX_LANGUAGE_STANDARD = "gnu++0x";
				CLANG_CXX_LIBRARY = "libc++";
				CLANG_ENABLE_MODULES = YES;
				CLANG_ENABLE_OBJC_ARC = YES;
				CLANG_WARN_BOOL_CONVERSION = YES;
				CLANG_WARN_CONSTANT_CONVERSION = YES;
				CLANG_WARN_DIRECT_OBJC_ISA_USAGE = YES_ERROR;
				CLANG_WARN_DOCUMENTATION_COMMENTS = YES;
				CLANG_WARN_EMPTY_BODY = YES;
				CLANG_WARN_ENUM_CONVERSION = YES;
				CLANG_WARN_INFINITE_RECURSION = YES;
				CLANG_WARN_INT_CONVERSION = YES;
				CLANG_WARN_OBJC_ROOT_CLASS = YES_ERROR;
				CLANG_WARN_SUSPICIOUS_MOVE = YES;
				CLANG_WARN_UNREACHABLE_CODE = YES;
				CLANG_WARN__DUPLICATE_METHOD_MATCH = YES;
				"CODE_SIGN_IDENTITY[sdk=iphoneos*]" = "iPhone Developer";
				COPY_PHASE_STRIP = NO;
				DEBUG_INFORMATION_FORMAT = "dwarf-with-dsym";
				ENABLE_NS_ASSERTIONS = NO;
				ENABLE_STRICT_OBJC_MSGSEND = YES;
				GCC_C_LANGUAGE_STANDARD = gnu99;
				GCC_NO_COMMON_BLOCKS = YES;
				GCC_WARN_64_TO_32_BIT_CONVERSION = YES;
				GCC_WARN_ABOUT_RETURN_TYPE = YES_ERROR;
				GCC_WARN_UNDECLARED_SELECTOR = YES;
				GCC_WARN_UNINITIALIZED_AUTOS = YES_AGGRESSIVE;
				GCC_WARN_UNUSED_FUNCTION = YES;
				GCC_WARN_UNUSED_VARIABLE = YES;
				IPHONEOS_DEPLOYMENT_TARGET = 10.3;
				MTL_ENABLE_DEBUG_INFO = NO;
				SDKROOT = iphoneos;
				SWIFT_OPTIMIZATION_LEVEL = "-Owholemodule";
				VALIDATE_PRODUCT = YES;
			};
			name = Release;
		};
		F6F984FC1ED0AFA400493628 /* Debug */ = {
			isa = XCBuildConfiguration;
			baseConfigurationReference = FE343D88BA73A5E13D72FC34 /* Pods-TextRecognition.debug.xcconfig */;
			buildSettings = {
				ASSETCATALOG_COMPILER_APPICON_NAME = AppIcon;
				FRAMEWORK_SEARCH_PATHS = (
					"$(inherited)",
					"\"$PODS_CONFIGURATION_BUILD_DIR/TesseractOCRiOS\"",
					"$(SRCPATH)/**",
				);
				INFOPLIST_FILE = TextRecognition/Info.plist;
				LD_RUNPATH_SEARCH_PATHS = "$(inherited) @executable_path/Frameworks";
				PRODUCT_BUNDLE_IDENTIFIER = Chimeso.TextRecognition;
				PRODUCT_NAME = "$(TARGET_NAME)";
				SWIFT_VERSION = 3.0;
			};
			name = Debug;
		};
		F6F984FD1ED0AFA400493628 /* Release */ = {
			isa = XCBuildConfiguration;
			baseConfigurationReference = E3B0BE73C693930E0837533E /* Pods-TextRecognition.release.xcconfig */;
			buildSettings = {
				ASSETCATALOG_COMPILER_APPICON_NAME = AppIcon;
				INFOPLIST_FILE = TextRecognition/Info.plist;
				LD_RUNPATH_SEARCH_PATHS = "$(inherited) @executable_path/Frameworks";
				PRODUCT_BUNDLE_IDENTIFIER = Chimeso.TextRecognition;
				PRODUCT_NAME = "$(TARGET_NAME)";
				SWIFT_VERSION = 3.0;
			};
			name = Release;
		};
		F6F984FF1ED0AFA400493628 /* Debug */ = {
			isa = XCBuildConfiguration;
			baseConfigurationReference = 60B5C7797792913F3C308333 /* Pods-TextRecognitionTests.debug.xcconfig */;
			buildSettings = {
				ALWAYS_EMBED_SWIFT_STANDARD_LIBRARIES = YES;
				BUNDLE_LOADER = "$(TEST_HOST)";
				INFOPLIST_FILE = TextRecognitionTests/Info.plist;
				LD_RUNPATH_SEARCH_PATHS = "$(inherited) @executable_path/Frameworks @loader_path/Frameworks";
				PRODUCT_BUNDLE_IDENTIFIER = Chimeso.TextRecognitionTests;
				PRODUCT_NAME = "$(TARGET_NAME)";
				SWIFT_VERSION = 3.0;
				TEST_HOST = "$(BUILT_PRODUCTS_DIR)/TextRecognition.app/TextRecognition";
			};
			name = Debug;
		};
		F6F985001ED0AFA400493628 /* Release */ = {
			isa = XCBuildConfiguration;
			baseConfigurationReference = F5DE3326BD2878B5D6C711B5 /* Pods-TextRecognitionTests.release.xcconfig */;
			buildSettings = {
				ALWAYS_EMBED_SWIFT_STANDARD_LIBRARIES = YES;
				BUNDLE_LOADER = "$(TEST_HOST)";
				INFOPLIST_FILE = TextRecognitionTests/Info.plist;
				LD_RUNPATH_SEARCH_PATHS = "$(inherited) @executable_path/Frameworks @loader_path/Frameworks";
				PRODUCT_BUNDLE_IDENTIFIER = Chimeso.TextRecognitionTests;
				PRODUCT_NAME = "$(TARGET_NAME)";
				SWIFT_VERSION = 3.0;
				TEST_HOST = "$(BUILT_PRODUCTS_DIR)/TextRecognition.app/TextRecognition";
			};
			name = Release;
		};
		F6F985021ED0AFA400493628 /* Debug */ = {
			isa = XCBuildConfiguration;
			baseConfigurationReference = DB0F19987900BE0AD6CDD37A /* Pods-TextRecognitionUITests.debug.xcconfig */;
			buildSettings = {
				ALWAYS_EMBED_SWIFT_STANDARD_LIBRARIES = YES;
				INFOPLIST_FILE = TextRecognitionUITests/Info.plist;
				LD_RUNPATH_SEARCH_PATHS = "$(inherited) @executable_path/Frameworks @loader_path/Frameworks";
				PRODUCT_BUNDLE_IDENTIFIER = Chimeso.TextRecognitionUITests;
				PRODUCT_NAME = "$(TARGET_NAME)";
				SWIFT_VERSION = 3.0;
				TEST_TARGET_NAME = TextRecognition;
			};
			name = Debug;
		};
		F6F985031ED0AFA400493628 /* Release */ = {
			isa = XCBuildConfiguration;
			baseConfigurationReference = 64C41A8AB4696ADB58BD5009 /* Pods-TextRecognitionUITests.release.xcconfig */;
			buildSettings = {
				ALWAYS_EMBED_SWIFT_STANDARD_LIBRARIES = YES;
				INFOPLIST_FILE = TextRecognitionUITests/Info.plist;
				LD_RUNPATH_SEARCH_PATHS = "$(inherited) @executable_path/Frameworks @loader_path/Frameworks";
				PRODUCT_BUNDLE_IDENTIFIER = Chimeso.TextRecognitionUITests;
				PRODUCT_NAME = "$(TARGET_NAME)";
				SWIFT_VERSION = 3.0;
				TEST_TARGET_NAME = TextRecognition;
			};
			name = Release;
		};
/* End XCBuildConfiguration section */

/* Begin XCConfigurationList section */
		F6F984CE1ED0AFA300493628 /* Build configuration list for PBXProject "TextRecognition" */ = {
			isa = XCConfigurationList;
			buildConfigurations = (
				F6F984F91ED0AFA400493628 /* Debug */,
				F6F984FA1ED0AFA400493628 /* Release */,
			);
			defaultConfigurationIsVisible = 0;
			defaultConfigurationName = Release;
		};
		F6F984FB1ED0AFA400493628 /* Build configuration list for PBXNativeTarget "TextRecognition" */ = {
			isa = XCConfigurationList;
			buildConfigurations = (
				F6F984FC1ED0AFA400493628 /* Debug */,
				F6F984FD1ED0AFA400493628 /* Release */,
			);
			defaultConfigurationIsVisible = 0;
			defaultConfigurationName = Release;
		};
		F6F984FE1ED0AFA400493628 /* Build configuration list for PBXNativeTarget "TextRecognitionTests" */ = {
			isa = XCConfigurationList;
			buildConfigurations = (
				F6F984FF1ED0AFA400493628 /* Debug */,
				F6F985001ED0AFA400493628 /* Release */,
			);
			defaultConfigurationIsVisible = 0;
			defaultConfigurationName = Release;
		};
		F6F985011ED0AFA400493628 /* Build configuration list for PBXNativeTarget "TextRecognitionUITests" */ = {
			isa = XCConfigurationList;
			buildConfigurations = (
				F6F985021ED0AFA400493628 /* Debug */,
				F6F985031ED0AFA400493628 /* Release */,
			);
			defaultConfigurationIsVisible = 0;
			defaultConfigurationName = Release;
		};
/* End XCConfigurationList section */
	};
	rootObject = F6F984CB1ED0AFA300493628 /* Project object */;
}
